
Microsoft Visual Studio Solution File, Format Version 12.00
# Visual Studio Version 16
VisualStudioVersion = 16.0.29905.134
MinimumVisualStudioVersion = 10.0.40219.1
Project("{FAE04EC0-301F-11D3-BF4B-00C04F79EFBC}") = "Shell_sort", "Algorithms\Shell_sort.csproj", "{5F6DE5F3-4BB2-4954-80A4-9EC9207BB5DD}"
EndProject
Project("{FAE04EC0-301F-11D3-BF4B-00C04F79EFBC}") = "Insertion_Sort", "Insertion and Shell\Insertion_Sort.csproj", "{06C7661D-620A-4B11-BE3D-1887A977FE54}"
EndProject
Project("{FAE04EC0-301F-11D3-BF4B-00C04F79EFBC}") = "Linear Search", "Linear Search\Linear Search.csproj", "{6286C80B-12E8-4842-9E8F-2EED1FFBA71C}"
EndProject
Project("{FAE04EC0-301F-11D3-BF4B-00C04F79EFBC}") = "Binary Search", "Binary Search\Binary Search.csproj", "{C911AE8C-07C7-41DC-BAB0-78045AC59BC7}"
EndProject
Global
	GlobalSection(SolutionConfigurationPlatforms) = preSolution
		Debug|Any CPU = Debug|Any CPU
		Release|Any CPU = Release|Any CPU
	EndGlobalSection
	GlobalSection(ProjectConfigurationPlatforms) = postSolution
		{5F6DE5F3-4BB2-4954-80A4-9EC9207BB5DD}.Debug|Any CPU.ActiveCfg = Debug|Any CPU
		{5F6DE5F3-4BB2-4954-80A4-9EC9207BB5DD}.Debug|Any CPU.Build.0 = Debug|Any CPU
		{5F6DE5F3-4BB2-4954-80A4-9EC9207BB5DD}.Release|Any CPU.ActiveCfg = Release|Any CPU
		{5F6DE5F3-4BB2-4954-80A4-9EC9207BB5DD}.Release|Any CPU.Build.0 = Release|Any CPU
		{06C7661D-620A-4B11-BE3D-1887A977FE54}.Debug|Any CPU.ActiveCfg = Debug|Any CPU
		{06C7661D-620A-4B11-BE3D-1887A977FE54}.Debug|Any CPU.Build.0 = Debug|Any CPU
		{06C7661D-620A-4B11-BE3D-1887A977FE54}.Release|Any CPU.ActiveCfg = Release|Any CPU
		{06C7661D-620A-4B11-BE3D-1887A977FE54}.Release|Any CPU.Build.0 = Release|Any CPU
		{6286C80B-12E8-4842-9E8F-2EED1FFBA71C}.Debug|Any CPU.ActiveCfg = Debug|Any CPU
		{6286C80B-12E8-4842-9E8F-2EED1FFBA71C}.Debug|Any CPU.Build.0 = Debug|Any CPU
		{6286C80B-12E8-4842-9E8F-2EED1FFBA71C}.Release|Any CPU.ActiveCfg = Release|Any CPU
		{6286C80B-12E8-4842-9E8F-2EED1FFBA71C}.Release|Any CPU.Build.0 = Release|Any CPU
		{C911AE8C-07C7-41DC-BAB0-78045AC59BC7}.Debug|Any CPU.ActiveCfg = Debug|Any CPU
		{C911AE8C-07C7-41DC-BAB0-78045AC59BC7}.Debug|Any CPU.Build.0 = Debug|Any CPU
		{C911AE8C-07C7-41DC-BAB0-78045AC59BC7}.Release|Any CPU.ActiveCfg = Release|Any CPU
		{C911AE8C-07C7-41DC-BAB0-78045AC59BC7}.Release|Any CPU.Build.0 = Release|Any CPU
	EndGlobalSection
	GlobalSection(SolutionProperties) = preSolution
		HideSolutionNode = FALSE
	EndGlobalSection
	GlobalSection(ExtensibilityGlobals) = postSolution
		SolutionGuid = {86AA9D48-DF7F-4B65-9F22-7133E7FFEE3D}
	EndGlobalSection
EndGlobal
